// !$*UTF8*$!
{
	archiveVersion = 1;
	classes = {
	};
	objectVersion = 46;
	objects = {

/* Begin PBXBuildFile section */
		E26D8F5F1E5762EE001493D2 /* main.cpp in Sources */ = {isa = PBXBuildFile; fileRef = E26D8F5E1E5762EE001493D2 /* main.cpp */; };
		E26D8F671E576305001493D2 /* implementation.cpp in Sources */ = {isa = PBXBuildFile; fileRef = E26D8F651E576305001493D2 /* implementation.cpp */; };
/* End PBXBuildFile section */

/* Begin PBXCopyFilesBuildPhase section */
		E26D8F591E5762EE001493D2 /* CopyFiles */ = {
			isa = PBXCopyFilesBuildPhase;
			buildActionMask = 2147483647;
			dstPath = /usr/share/man/man1/;
			dstSubfolderSpec = 0;
			files = (
			);
			runOnlyForDeploymentPostprocessing = 1;
		};
/* End PBXCopyFilesBuildPhase section */

/* Begin PBXFileReference section */
		E26D8F5B1E5762EE001493D2 /* HOMEWORK 03 OPERATOR OVERLOADING */ = {isa = PBXFileReference; explicitFileType = "compiled.mach-o.executable"; includeInIndex = 0; path = "HOMEWORK 03 OPERATOR OVERLOADING"; sourceTree = BUILT_PRODUCTS_DIR; };
		E26D8F5E1E5762EE001493D2 /* main.cpp */ = {isa = PBXFileReference; lastKnownFileType = sourcecode.cpp.cpp; path = main.cpp; sourceTree = "<group>"; };
		E26D8F651E576305001493D2 /* implementation.cpp */ = {isa = PBXFileReference; fileEncoding = 4; lastKnownFileType = sourcecode.cpp.cpp; path = implementation.cpp; sourceTree = "<group>"; };
		E26D8F661E576305001493D2 /* fraction.h */ = {isa = PBXFileReference; fileEncoding = 4; lastKnownFileType = sourcecode.c.h; path = fraction.h; sourceTree = "<group>"; };
/* End PBXFileReference section */

/* Begin PBXFrameworksBuildPhase section */
		E26D8F581E5762EE001493D2 /* Frameworks */ = {
			isa = PBXFrameworksBuildPhase;
			buildActionMask = 2147483647;
			files = (
			);
			runOnlyForDeploymentPostprocessing = 0;
		};
/* End PBXFrameworksBuildPhase section */

/* Begin PBXGroup section */
		E26D8F521E5762EE001493D2 = {
			isa = PBXGroup;
			children = (
				E26D8F5D1E5762EE001493D2 /* HOMEWORK 03 OPERATOR OVERLOADING */,
				E26D8F5C1E5762EE001493D2 /* Products */,
			);
			sourceTree = "<group>";
		};
		E26D8F5C1E5762EE001493D2 /* Products */ = {
			isa = PBXGroup;
			children = (
				E26D8F5B1E5762EE001493D2 /* HOMEWORK 03 OPERATOR OVERLOADING */,
			);
			name = Products;
			sourceTree = "<group>";
		};
		E26D8F5D1E5762EE001493D2 /* HOMEWORK 03 OPERATOR OVERLOADING */ = {
			isa = PBXGroup;
			children = (
				E26D8F5E1E5762EE001493D2 /* main.cpp */,
				E26D8F651E576305001493D2 /* implementation.cpp */,
				E26D8F661E576305001493D2 /* fraction.h */,
			);
			path = "HOMEWORK 03 OPERATOR OVERLOADING";
			sourceTree = "<group>";
		};
/* End PBXGroup section */

/* Begin PBXNativeTarget section */
		E26D8F5A1E5762EE001493D2 /* HOMEWORK 03 OPERATOR OVERLOADING */ = {
			isa = PBXNativeTarget;
			buildConfigurationList = E26D8F621E5762EE001493D2 /* Build configuration list for PBXNativeTarget "HOMEWORK 03 OPERATOR OVERLOADING" */;
			buildPhases = (
				E26D8F571E5762EE001493D2 /* Sources */,
				E26D8F581E5762EE001493D2 /* Frameworks */,
				E26D8F591E5762EE001493D2 /* CopyFiles */,
			);
			buildRules = (
			);
			dependencies = (
			);
			name = "HOMEWORK 03 OPERATOR OVERLOADING";
			productName = "HOMEWORK 03 OPERATOR OVERLOADING";
			productReference = E26D8F5B1E5762EE001493D2 /* HOMEWORK 03 OPERATOR OVERLOADING */;
			productType = "com.apple.product-type.tool";
		};
/* End PBXNativeTarget section */

/* Begin PBXProject section */
		E26D8F531E5762EE001493D2 /* Project object */ = {
			isa = PBXProject;
			attributes = {
				LastUpgradeCheck = 0820;
				ORGANIZATIONNAME = COMP235;
				TargetAttributes = {
					E26D8F5A1E5762EE001493D2 = {
						CreatedOnToolsVersion = 8.2.1;
						ProvisioningStyle = Automatic;
					};
				};
			};
			buildConfigurationList = E26D8F561E5762EE001493D2 /* Build configuration list for PBXProject "HOMEWORK 03 OPERATOR OVERLOADING" */;
			compatibilityVersion = "Xcode 3.2";
			developmentRegion = English;
			hasScannedForEncodings = 0;
			knownRegions = (
				en,
			);
			mainGroup = E26D8F521E5762EE001493D2;
			productRefGroup = E26D8F5C1E5762EE001493D2 /* Products */;
			projectDirPath = "";
			projectRoot = "";
			targets = (
				E26D8F5A1E5762EE001493D2 /* HOMEWORK 03 OPERATOR OVERLOADING */,
			);
		};
/* End PBXProject section */

/* Begin PBXSourcesBuildPhase section */
		E26D8F571E5762EE001493D2 /* Sources */ = {
			isa = PBXSourcesBuildPhase;
			buildActionMask = 2147483647;
			files = (
				E26D8F5F1E5762EE001493D2 /* main.cpp in Sources */,
				E26D8F671E576305001493D2 /* implementation.cpp in Sources */,
			);
			runOnlyForDeploymentPostprocessing = 0;
		};
/* End PBXSourcesBuildPhase section */

/* Begin XCBuildConfiguration section */
		E26D8F601E5762EE001493D2 /* Debug */ = {
			isa = XCBuildConfiguration;
			buildSettings = {
				ALWAYS_SEARCH_USER_PATHS = NO;
				CLANG_ANALYZER_NONNULL = YES;
				CLANG_CXX_LANGUAGE_STANDARD = "gnu++0x";
				CLANG_CXX_LIBRARY = "libc++";
				CLANG_ENABLE_MODULES = YES;
				CLANG_ENABLE_OBJC_ARC = YES;
				CLANG_WARN_BOOL_CONVERSION = YES;
				CLANG_WARN_CONSTANT_CONVERSION = YES;
				CLANG_WARN_DIRECT_OBJC_ISA_USAGE = YES_ERROR;
				CLANG_WARN_DOCUMENTATION_COMMENTS = YES;
				CLANG_WARN_EMPTY_BODY = YES;
				CLANG_WARN_ENUM_CONVERSION = YES;
				CLANG_WARN_INFINITE_RECURSION = YES;
				CLANG_WARN_INT_CONVERSION = YES;
				CLANG_WARN_OBJC_ROOT_CLASS = YES_ERROR;
				CLANG_WARN_SUSPICIOUS_MOVE = YES;
				CLANG_WARN_UNREACHABLE_CODE = YES;
				CLANG_WARN__DUPLICATE_METHOD_MATCH = YES;
				CODE_SIGN_IDENTITY = "-";
				COPY_PHASE_STRIP = NO;
				DEBUG_INFORMATION_FORMAT = dwarf;
				ENABLE_STRICT_OBJC_MSGSEND = YES;
				ENABLE_TESTABILITY = YES;
				GCC_C_LANGUAGE_STANDARD = gnu99;
				GCC_DYNAMIC_NO_PIC = NO;
				GCC_NO_COMMON_BLOCKS = YES;
				GCC_OPTIMIZATION_LEVEL = 0;
				GCC_PREPROCESSOR_DEFINITIONS = (
					"DEBUG=1",
					"$(inherited)",
				);
				GCC_WARN_64_TO_32_BIT_CONVERSION = YES;
				GCC_WARN_ABOUT_RETURN_TYPE = YES_ERROR;
				GCC_WARN_UNDECLARED_SELECTOR = YES;
				GCC_WARN_UNINITIALIZED_AUTOS = YES_AGGRESSIVE;
				GCC_WARN_UNUSED_FUNCTION = YES;
				GCC_WARN_UNUSED_VARIABLE = YES;
				MACOSX_DEPLOYMENT_TARGET = 10.12;
				MTL_ENABLE_DEBUG_INFO = YES;
				ONLY_ACTIVE_ARCH = YES;
				SDKROOT = macosx;
			};
			name = Debug;
		};
		E26D8F611E5762EE001493D2 /* Release */ = {
			isa = XCBuildConfiguration;
			buildSettings = {
				ALWAYS_SEARCH_USER_PATHS = NO;
				CLANG_ANALYZER_NONNULL = YES;
				CLANG_CXX_LANGUAGE_STANDARD = "gnu++0x";
				CLANG_CXX_LIBRARY = "libc++";
				CLANG_ENABLE_MODULES = YES;
				CLANG_ENABLE_OBJC_ARC = YES;
				CLANG_WARN_BOOL_CONVERSION = YES;
				CLANG_WARN_CONSTANT_CONVERSION = YES;
				CLANG_WARN_DIRECT_OBJC_ISA_USAGE = YES_ERROR;
				CLANG_WARN_DOCUMENTATION_COMMENTS = YES;
				CLANG_WARN_EMPTY_BODY = YES;
				CLANG_WARN_ENUM_CONVERSION = YES;
				CLANG_WARN_INFINITE_RECURSION = YES;
				CLANG_WARN_INT_CONVERSION = YES;
				CLANG_WARN_OBJC_ROOT_CLASS = YES_ERROR;
				CLANG_WARN_SUSPICIOUS_MOVE = YES;
				CLANG_WARN_UNREACHABLE_CODE = YES;
				CLANG_WARN__DUPLICATE_METHOD_MATCH = YES;
				CODE_SIGN_IDENTITY = "-";
				COPY_PHASE_STRIP = NO;
				DEBUG_INFORMATION_FORMAT = "dwarf-with-dsym";
				ENABLE_NS_ASSERTIONS = NO;
				ENABLE_STRICT_OBJC_MSGSEND = YES;
				GCC_C_LANGUAGE_STANDARD = gnu99;
				GCC_NO_COMMON_BLOCKS = YES;
				GCC_WARN_64_TO_32_BIT_CONVERSION = YES;
				GCC_WARN_ABOUT_RETURN_TYPE = YES_ERROR;
				GCC_WARN_UNDECLARED_SELECTOR = YES;
				GCC_WARN_UNINITIALIZED_AUTOS = YES_AGGRESSIVE;
				GCC_WARN_UNUSED_FUNCTION = YES;
				GCC_WARN_UNUSED_VARIABLE = YES;
				MACOSX_DEPLOYMENT_TARGET = 10.12;
				MTL_ENABLE_DEBUG_INFO = NO;
				SDKROOT = macosx;
			};
			name = Release;
		};
		E26D8F631E5762EE001493D2 /* Debug */ = {
			isa = XCBuildConfiguration;
			buildSettings = {
				PRODUCT_NAME = "$(TARGET_NAME)";
			};
			name = Debug;
		};
		E26D8F641E5762EE001493D2 /* Release */ = {
			isa = XCBuildConfiguration;
			buildSettings = {
				PRODUCT_NAME = "$(TARGET_NAME)";
			};
			name = Release;
		};
/* End XCBuildConfiguration section */

/* Begin XCConfigurationList section */
		E26D8F561E5762EE001493D2 /* Build configuration list for PBXProject "HOMEWORK 03 OPERATOR OVERLOADING" */ = {
			isa = XCConfigurationList;
			buildConfigurations = (
				E26D8F601E5762EE001493D2 /* Debug */,
				E26D8F611E5762EE001493D2 /* Release */,
			);
			defaultConfigurationIsVisible = 0;
			defaultConfigurationName = Release;
		};
		E26D8F621E5762EE001493D2 /* Build configuration list for PBXNativeTarget "HOMEWORK 03 OPERATOR OVERLOADING" */ = {
			isa = XCConfigurationList;
			buildConfigurations = (
				E26D8F631E5762EE001493D2 /* Debug */,
				E26D8F641E5762EE001493D2 /* Release */,
			);
			defaultConfigurationIsVisible = 0;
		};
/* End XCConfigurationList section */
	};
	rootObject = E26D8F531E5762EE001493D2 /* Project object */;
}
